
Microsoft Visual Studio Solution File, Format Version 12.00
# Visual Studio Version 16
VisualStudioVersion = 16.0.29613.14
MinimumVisualStudioVersion = 10.0.40219.1
Project("{9A19103F-16F7-4668-BE54-9A1E7A4F7556}") = "Blog.Api", "Blog.Api\Blog.Api.csproj", "{23F8E304-5C8D-41B0-8C05-15F809089DB6}"
EndProject
Project("{9A19103F-16F7-4668-BE54-9A1E7A4F7556}") = "Blog.Api.Tests.Unit", "Blog.Api.Tests.Unit\Blog.Api.Tests.Unit.csproj", "{2506E140-58F3-4475-843A-06932C3F53B4}"
EndProject
Global
	GlobalSection(SolutionConfigurationPlatforms) = preSolution
		Debug|Any CPU = Debug|Any CPU
		Release|Any CPU = Release|Any CPU
	EndGlobalSection
	GlobalSection(ProjectConfigurationPlatforms) = postSolution
		{23F8E304-5C8D-41B0-8C05-15F809089DB6}.Debug|Any CPU.ActiveCfg = Debug|Any CPU
		{23F8E304-5C8D-41B0-8C05-15F809089DB6}.Debug|Any CPU.Build.0 = Debug|Any CPU
		{23F8E304-5C8D-41B0-8C05-15F809089DB6}.Release|Any CPU.ActiveCfg = Release|Any CPU
		{23F8E304-5C8D-41B0-8C05-15F809089DB6}.Release|Any CPU.Build.0 = Release|Any CPU
		{2506E140-58F3-4475-843A-06932C3F53B4}.Debug|Any CPU.ActiveCfg = Debug|Any CPU
		{2506E140-58F3-4475-843A-06932C3F53B4}.Debug|Any CPU.Build.0 = Debug|Any CPU
		{2506E140-58F3-4475-843A-06932C3F53B4}.Release|Any CPU.ActiveCfg = Release|Any CPU
		{2506E140-58F3-4475-843A-06932C3F53B4}.Release|Any CPU.Build.0 = Release|Any CPU
	EndGlobalSection
	GlobalSection(SolutionProperties) = preSolution
		HideSolutionNode = FALSE
	EndGlobalSection
	GlobalSection(ExtensibilityGlobals) = postSolution
		SolutionGuid = {60CC1FFC-C498-44D0-B295-D7237FA6CADD}
	EndGlobalSection
EndGlobal
